
Microsoft Visual Studio Solution File, Format Version 12.00
# Visual Studio Version 16
VisualStudioVersion = 16.0.29215.179
MinimumVisualStudioVersion = 10.0.40219.1
Project("{8BC9CEB8-8B4A-11D0-8D11-00A0C91BC942}") = "lab4", "lab4\lab4.vcxproj", "{045A43E5-5EA2-43EA-AF29-09E6F98D2450}"
EndProject
Global
	GlobalSection(SolutionConfigurationPlatforms) = preSolution
		Debug|x64 = Debug|x64
		Debug|x86 = Debug|x86
		Release|x64 = Release|x64
		Release|x86 = Release|x86
	EndGlobalSection
	GlobalSection(ProjectConfigurationPlatforms) = postSolution
		{045A43E5-5EA2-43EA-AF29-09E6F98D2450}.Debug|x64.ActiveCfg = Debug|x64
		{045A43E5-5EA2-43EA-AF29-09E6F98D2450}.Debug|x64.Build.0 = Debug|x64
		{045A43E5-5EA2-43EA-AF29-09E6F98D2450}.Debug|x86.ActiveCfg = Debug|Win32
		{045A43E5-5EA2-43EA-AF29-09E6F98D2450}.Debug|x86.Build.0 = Debug|Win32
		{045A43E5-5EA2-43EA-AF29-09E6F98D2450}.Release|x64.ActiveCfg = Release|x64
		{045A43E5-5EA2-43EA-AF29-09E6F98D2450}.Release|x64.Build.0 = Release|x64
		{045A43E5-5EA2-43EA-AF29-09E6F98D2450}.Release|x86.ActiveCfg = Release|Win32
		{045A43E5-5EA2-43EA-AF29-09E6F98D2450}.Release|x86.Build.0 = Release|Win32
	EndGlobalSection
	GlobalSection(SolutionProperties) = preSolution
		HideSolutionNode = FALSE
	EndGlobalSection
	GlobalSection(ExtensibilityGlobals) = postSolution
		SolutionGuid = {93423359-A402-4330-9FFD-7686FB9D19EA}
	EndGlobalSection
EndGlobal
